{
  "originHash" : "154387e13c624a8605c4e22f61189ca0fc9875592ec236d203b3d34a1744231a",
  "pins" : [
    {
      "identity" : "cosmos",
      "kind" : "remoteSourceControl",
      "location" : "https://github.com/evgenyneu/Cosmos.git",
      "state" : {
        "revision" : "40ba10aaf175bf50abefd0e518bd3b40862af3b1",
        "version" : "25.0.1"
      }
    },
    {
      "identity" : "countrypickerview",
      "kind" : "remoteSourceControl",
      "location" : "https://github.com/kizitonwose/CountryPickerView.git",
      "state" : {
        "revision" : "6ecf22145d577411fb97c8c964df0fb5886f035f",
        "version" : "3.3.0"
      }
    }
  ],
  "version" : 3
}
